
Microsoft Visual Studio Solution File, Format Version 12.00
# Visual Studio 2013
VisualStudioVersion = 12.0.21005.1
MinimumVisualStudioVersion = 10.0.40219.1
Project("{FAE04EC0-301F-11D3-BF4B-00C04F79EFBC}") = "PoshBoutique", "PoshBoutique\PoshBoutique.csproj", "{97DED587-7394-4326-8215-81DEC2A58E5B}"
EndProject
Project("{FAE04EC0-301F-11D3-BF4B-00C04F79EFBC}") = "PoshBoutique.Data", "PoshBoutique.Data\PoshBoutique.Data.csproj", "{FA1C2E85-44EF-4109-BBBA-B0775E7F00C2}"
EndProject
Project("{FAE04EC0-301F-11D3-BF4B-00C04F79EFBC}") = "PoshBoutique.Search", "PoshBoutique.Search\PoshBoutique.Search.csproj", "{43FDD581-88CE-4EE9-B731-2D3AD425EB28}"
EndProject
Global
	GlobalSection(SolutionConfigurationPlatforms) = preSolution
		Debug|Any CPU = Debug|Any CPU
		Release|Any CPU = Release|Any CPU
	EndGlobalSection
	GlobalSection(ProjectConfigurationPlatforms) = postSolution
		{97DED587-7394-4326-8215-81DEC2A58E5B}.Debug|Any CPU.ActiveCfg = Debug|Any CPU
		{97DED587-7394-4326-8215-81DEC2A58E5B}.Debug|Any CPU.Build.0 = Debug|Any CPU
		{97DED587-7394-4326-8215-81DEC2A58E5B}.Release|Any CPU.ActiveCfg = Release|Any CPU
		{97DED587-7394-4326-8215-81DEC2A58E5B}.Release|Any CPU.Build.0 = Release|Any CPU
		{FA1C2E85-44EF-4109-BBBA-B0775E7F00C2}.Debug|Any CPU.ActiveCfg = Debug|Any CPU
		{FA1C2E85-44EF-4109-BBBA-B0775E7F00C2}.Debug|Any CPU.Build.0 = Debug|Any CPU
		{FA1C2E85-44EF-4109-BBBA-B0775E7F00C2}.Release|Any CPU.ActiveCfg = Release|Any CPU
		{FA1C2E85-44EF-4109-BBBA-B0775E7F00C2}.Release|Any CPU.Build.0 = Release|Any CPU
		{43FDD581-88CE-4EE9-B731-2D3AD425EB28}.Debug|Any CPU.ActiveCfg = Debug|Any CPU
		{43FDD581-88CE-4EE9-B731-2D3AD425EB28}.Debug|Any CPU.Build.0 = Debug|Any CPU
		{43FDD581-88CE-4EE9-B731-2D3AD425EB28}.Release|Any CPU.ActiveCfg = Release|Any CPU
		{43FDD581-88CE-4EE9-B731-2D3AD425EB28}.Release|Any CPU.Build.0 = Release|Any CPU
	EndGlobalSection
	GlobalSection(SolutionProperties) = preSolution
		HideSolutionNode = FALSE
	EndGlobalSection
EndGlobal
